
Microsoft Visual Studio Solution File, Format Version 12.00
# Visual Studio 15
VisualStudioVersion = 15.0.28307.852
MinimumVisualStudioVersion = 10.0.40219.1
Project("{9A19103F-16F7-4668-BE54-9A1E7A4F7556}") = "Havan.Training-Tests.UnitTests", "Havan.Training-Tests.UnitTests\Havan.Training-Tests.UnitTests.csproj", "{72F0A4F5-0375-4F64-A453-8F576A397B94}"
EndProject
Project("{FAE04EC0-301F-11D3-BF4B-00C04F79EFBC}") = "Havan.Training-Tests.IntegrationTests", "Havan.Training-Tests.IntegrationTests\Havan.Training-Tests.IntegrationTests.csproj", "{D7BFC157-7B97-4C34-BAA4-9357707B75F1}"
EndProject
Project("{2150E333-8FDC-42A3-9474-1A3956D46DE8}") = "Tests", "Tests", "{AE4B8316-AB15-495E-BA89-E12439D0804C}"
EndProject
Global
	GlobalSection(SolutionConfigurationPlatforms) = preSolution
		Debug|Any CPU = Debug|Any CPU
		Release|Any CPU = Release|Any CPU
	EndGlobalSection
	GlobalSection(ProjectConfigurationPlatforms) = postSolution
		{72F0A4F5-0375-4F64-A453-8F576A397B94}.Debug|Any CPU.ActiveCfg = Debug|Any CPU
		{72F0A4F5-0375-4F64-A453-8F576A397B94}.Debug|Any CPU.Build.0 = Debug|Any CPU
		{72F0A4F5-0375-4F64-A453-8F576A397B94}.Release|Any CPU.ActiveCfg = Release|Any CPU
		{72F0A4F5-0375-4F64-A453-8F576A397B94}.Release|Any CPU.Build.0 = Release|Any CPU
		{D7BFC157-7B97-4C34-BAA4-9357707B75F1}.Debug|Any CPU.ActiveCfg = Debug|Any CPU
		{D7BFC157-7B97-4C34-BAA4-9357707B75F1}.Debug|Any CPU.Build.0 = Debug|Any CPU
		{D7BFC157-7B97-4C34-BAA4-9357707B75F1}.Release|Any CPU.ActiveCfg = Release|Any CPU
		{D7BFC157-7B97-4C34-BAA4-9357707B75F1}.Release|Any CPU.Build.0 = Release|Any CPU
	EndGlobalSection
	GlobalSection(SolutionProperties) = preSolution
		HideSolutionNode = FALSE
	EndGlobalSection
	GlobalSection(NestedProjects) = preSolution
		{72F0A4F5-0375-4F64-A453-8F576A397B94} = {AE4B8316-AB15-495E-BA89-E12439D0804C}
		{D7BFC157-7B97-4C34-BAA4-9357707B75F1} = {AE4B8316-AB15-495E-BA89-E12439D0804C}
	EndGlobalSection
	GlobalSection(ExtensibilityGlobals) = postSolution
		SolutionGuid = {16D59778-189A-49B2-A284-4EE599713C22}
	EndGlobalSection
EndGlobal
